
Microsoft Visual Studio Solution File, Format Version 10.00
# Visual Studio 2008
Project("{FAE04EC0-301F-11D3-BF4B-00C04F79EFBC}") = "UnityExampleConverter", "..\cssrc\UnityExampleConverter.csproj", "{7E4C56EB-92B6-41CF-985F-25BB16CBA3A6}"
EndProject
Project("{FAE04EC0-301F-11D3-BF4B-00C04F79EFBC}") = "UnityExampleConverter.Tests", "UnityExampleConverter.Tests.csproj", "{DE500583-C0A0-4D96-A981-8E9B98CD542F}"
EndProject
Global
	GlobalSection(SolutionConfigurationPlatforms) = preSolution
		Debug|Any CPU = Debug|Any CPU
		Release|Any CPU = Release|Any CPU
	EndGlobalSection
	GlobalSection(ProjectConfigurationPlatforms) = postSolution
		{7E4C56EB-92B6-41CF-985F-25BB16CBA3A6}.Debug|Any CPU.ActiveCfg = Debug|Any CPU
		{7E4C56EB-92B6-41CF-985F-25BB16CBA3A6}.Debug|Any CPU.Build.0 = Debug|Any CPU
		{7E4C56EB-92B6-41CF-985F-25BB16CBA3A6}.Release|Any CPU.ActiveCfg = Release|Any CPU
		{7E4C56EB-92B6-41CF-985F-25BB16CBA3A6}.Release|Any CPU.Build.0 = Release|Any CPU
		{DE500583-C0A0-4D96-A981-8E9B98CD542F}.Debug|Any CPU.ActiveCfg = Debug|Any CPU
		{DE500583-C0A0-4D96-A981-8E9B98CD542F}.Debug|Any CPU.Build.0 = Debug|Any CPU
		{DE500583-C0A0-4D96-A981-8E9B98CD542F}.Release|Any CPU.ActiveCfg = Release|Any CPU
		{DE500583-C0A0-4D96-A981-8E9B98CD542F}.Release|Any CPU.Build.0 = Release|Any CPU
	EndGlobalSection
	GlobalSection(MonoDevelopProperties) = preSolution
		StartupItem = ..\cssrc\UnityExampleConverter.csproj
	EndGlobalSection
	GlobalSection(SolutionProperties) = preSolution
		HideSolutionNode = FALSE
	EndGlobalSection
EndGlobal
