
Microsoft Visual Studio Solution File, Format Version 11.00
# Visual Studio 2010
Project("{FAE04EC0-301F-11D3-BF4B-00C04F79EFBC}") = "APIDocumentationGenerator", "APIDocumentationGenerator\APIDocumentationGenerator.csproj", "{3485E90E-3431-4C5D-A316-5281169512E2}"
EndProject
Project("{FAE04EC0-301F-11D3-BF4B-00C04F79EFBC}") = "UnderlyingModel", "UnderlyingModel\UnderlyingModel.csproj", "{5888A64B-4E25-401B-8CEF-F8692E919704}"
EndProject
Project("{FAE04EC0-301F-11D3-BF4B-00C04F79EFBC}") = "UnityExampleConverter", "UnityExampleConverter\cssrc\UnityExampleConverter.csproj", "{7E4C56EB-92B6-41CF-985F-25BB16CBA3A6}"
EndProject
Project("{FAE04EC0-301F-11D3-BF4B-00C04F79EFBC}") = "UnityExampleConverter.Tests", "UnityExampleConverter\cstests\UnityExampleConverter.Tests.csproj", "{DE500583-C0A0-4D96-A981-8E9B98CD542F}"
EndProject
Global
	GlobalSection(SolutionConfigurationPlatforms) = preSolution
		Debug|Any CPU = Debug|Any CPU
		Debug|Mixed Platforms = Debug|Mixed Platforms
		Debug|x86 = Debug|x86
		Release|Any CPU = Release|Any CPU
		Release|Mixed Platforms = Release|Mixed Platforms
		Release|x86 = Release|x86
	EndGlobalSection
	GlobalSection(ProjectConfigurationPlatforms) = postSolution
		{3485E90E-3431-4C5D-A316-5281169512E2}.Debug|Any CPU.ActiveCfg = Debug|x86
		{3485E90E-3431-4C5D-A316-5281169512E2}.Debug|Mixed Platforms.ActiveCfg = Debug|x86
		{3485E90E-3431-4C5D-A316-5281169512E2}.Debug|Mixed Platforms.Build.0 = Debug|x86
		{3485E90E-3431-4C5D-A316-5281169512E2}.Debug|x86.ActiveCfg = Debug|x86
		{3485E90E-3431-4C5D-A316-5281169512E2}.Debug|x86.Build.0 = Debug|x86
		{3485E90E-3431-4C5D-A316-5281169512E2}.Release|Any CPU.ActiveCfg = Release|x86
		{3485E90E-3431-4C5D-A316-5281169512E2}.Release|Mixed Platforms.ActiveCfg = Release|x86
		{3485E90E-3431-4C5D-A316-5281169512E2}.Release|Mixed Platforms.Build.0 = Release|x86
		{3485E90E-3431-4C5D-A316-5281169512E2}.Release|x86.ActiveCfg = Release|x86
		{3485E90E-3431-4C5D-A316-5281169512E2}.Release|x86.Build.0 = Release|x86
		{5888A64B-4E25-401B-8CEF-F8692E919704}.Debug|Any CPU.ActiveCfg = Debug|Any CPU
		{5888A64B-4E25-401B-8CEF-F8692E919704}.Debug|Any CPU.Build.0 = Debug|Any CPU
		{5888A64B-4E25-401B-8CEF-F8692E919704}.Debug|Mixed Platforms.ActiveCfg = Debug|Any CPU
		{5888A64B-4E25-401B-8CEF-F8692E919704}.Debug|Mixed Platforms.Build.0 = Debug|Any CPU
		{5888A64B-4E25-401B-8CEF-F8692E919704}.Debug|x86.ActiveCfg = Debug|Any CPU
		{5888A64B-4E25-401B-8CEF-F8692E919704}.Release|Any CPU.ActiveCfg = Release|Any CPU
		{5888A64B-4E25-401B-8CEF-F8692E919704}.Release|Any CPU.Build.0 = Release|Any CPU
		{5888A64B-4E25-401B-8CEF-F8692E919704}.Release|Mixed Platforms.ActiveCfg = Release|Any CPU
		{5888A64B-4E25-401B-8CEF-F8692E919704}.Release|Mixed Platforms.Build.0 = Release|Any CPU
		{5888A64B-4E25-401B-8CEF-F8692E919704}.Release|x86.ActiveCfg = Release|Any CPU
		{7E4C56EB-92B6-41CF-985F-25BB16CBA3A6}.Debug|Any CPU.ActiveCfg = Debug|Any CPU
		{7E4C56EB-92B6-41CF-985F-25BB16CBA3A6}.Debug|Any CPU.Build.0 = Debug|Any CPU
		{7E4C56EB-92B6-41CF-985F-25BB16CBA3A6}.Debug|Mixed Platforms.ActiveCfg = Debug|Any CPU
		{7E4C56EB-92B6-41CF-985F-25BB16CBA3A6}.Debug|Mixed Platforms.Build.0 = Debug|Any CPU
		{7E4C56EB-92B6-41CF-985F-25BB16CBA3A6}.Debug|x86.ActiveCfg = Debug|Any CPU
		{7E4C56EB-92B6-41CF-985F-25BB16CBA3A6}.Release|Any CPU.ActiveCfg = Release|Any CPU
		{7E4C56EB-92B6-41CF-985F-25BB16CBA3A6}.Release|Any CPU.Build.0 = Release|Any CPU
		{7E4C56EB-92B6-41CF-985F-25BB16CBA3A6}.Release|Mixed Platforms.ActiveCfg = Release|Any CPU
		{7E4C56EB-92B6-41CF-985F-25BB16CBA3A6}.Release|Mixed Platforms.Build.0 = Release|Any CPU
		{7E4C56EB-92B6-41CF-985F-25BB16CBA3A6}.Release|x86.ActiveCfg = Release|Any CPU
		{DE500583-C0A0-4D96-A981-8E9B98CD542F}.Debug|Any CPU.ActiveCfg = Debug|Any CPU
		{DE500583-C0A0-4D96-A981-8E9B98CD542F}.Debug|Any CPU.Build.0 = Debug|Any CPU
		{DE500583-C0A0-4D96-A981-8E9B98CD542F}.Debug|Mixed Platforms.ActiveCfg = Debug|Any CPU
		{DE500583-C0A0-4D96-A981-8E9B98CD542F}.Debug|Mixed Platforms.Build.0 = Debug|Any CPU
		{DE500583-C0A0-4D96-A981-8E9B98CD542F}.Debug|x86.ActiveCfg = Debug|Any CPU
		{DE500583-C0A0-4D96-A981-8E9B98CD542F}.Release|Any CPU.ActiveCfg = Release|Any CPU
		{DE500583-C0A0-4D96-A981-8E9B98CD542F}.Release|Any CPU.Build.0 = Release|Any CPU
		{DE500583-C0A0-4D96-A981-8E9B98CD542F}.Release|Mixed Platforms.ActiveCfg = Release|Any CPU
		{DE500583-C0A0-4D96-A981-8E9B98CD542F}.Release|Mixed Platforms.Build.0 = Release|Any CPU
		{DE500583-C0A0-4D96-A981-8E9B98CD542F}.Release|x86.ActiveCfg = Release|Any CPU
	EndGlobalSection
	GlobalSection(SolutionProperties) = preSolution
		HideSolutionNode = FALSE
	EndGlobalSection
EndGlobal
